{
  "lockfileVersion": 1,
  "dependencies": {
    "@types/express": {
      "version": "4.0.36",
      "resolved": "https://registry.npmjs.org/@types/express/-/express-4.0.36.tgz",
      "integrity": "sha512-bT9q2eqH/E72AGBQKT50dh6AXzheTqigGZ1GwDiwmx7vfHff0bZOrvUWjvGpNWPNkRmX1vDF6wonG6rlpBHb1A=="
    },
    "@types/express-serve-static-core": {
      "version": "4.0.49",
      "resolved": "https://registry.npmjs.org/@types/express-serve-static-core/-/express-serve-static-core-4.0.49.tgz",
      "integrity": "sha512-b7mVHoURu1xaP/V6xw1sYwyv9V0EZ7euyi+sdnbnTZxEkAh4/hzPsI6Eflq+ZzHQ/Tgl7l16Jz+0oz8F46MLnA=="
    },
    "@types/express-session": {
      "version": "1.15.1",
      "resolved": "https://registry.npmjs.org/@types/express-session/-/express-session-1.15.1.tgz",
      "integrity": "sha512-J1xJenIdnFei3Bczrzb2FwJg/SVc5eUKXZ4cViRW4DFyQuBG5IaN96LeD00ntbxL5xKyN/MtsMZbiP5hPgs0uA=="
    },
    "@types/mime": {
      "version": "1.3.1",
      "resolved": "https://registry.npmjs.org/@types/mime/-/mime-1.3.1.tgz",
      "integrity": "sha512-rek8twk9C58gHYqIrUlJsx8NQMhlxqHzln9Z9ODqiNgv3/s+ZwIrfr+djqzsnVM12xe9hL98iJ20lj2RvCBv6A=="
    },
    "@types/node": {
      "version": "8.0.14",
      "resolved": "https://registry.npmjs.org/@types/node/-/node-8.0.14.tgz",
      "integrity": "sha512-lrtgE/5FeTdcuxgsDbLUIFJ33dTp4TkbKkTDZt/ueUMeqmGYqJRQd908q5Yj9EzzWSMonEhMr1q/CQlgVGEt4w=="
    },
    "@types/serve-static": {
      "version": "1.7.31",
      "resolved": "https://registry.npmjs.org/@types/serve-static/-/serve-static-1.7.31.tgz",
      "integrity": "sha1-FUVt6NmNa0z/Mb5savdJKuY/Uho="
    },
    "cookie": {
      "version": "0.3.1",
      "resolved": "https://registry.npmjs.org/cookie/-/cookie-0.3.1.tgz",
      "integrity": "sha1-5+Ch+e9DtMi6klxcWpboBtFoc7s="
    },
    "cookie-signature": {
      "version": "1.0.6",
      "resolved": "https://registry.npmjs.org/cookie-signature/-/cookie-signature-1.0.6.tgz",
      "integrity": "sha1-4wOogrNCzD7oylE6eZmXNNqzriw="
    },
    "crc": {
      "version": "3.4.4",
      "resolved": "https://registry.npmjs.org/crc/-/crc-3.4.4.tgz",
      "integrity": "sha1-naHpgOO9RPxck79as9ozeNheRms="
    },
    "debug": {
      "version": "2.6.7",
      "resolved": "https://registry.npmjs.org/debug/-/debug-2.6.7.tgz",
      "integrity": "sha1-krrR9tBbu2u6Isyoi80OyJTChh4="
    },
    "depd": {
      "version": "1.1.0",
      "resolved": "https://registry.npmjs.org/depd/-/depd-1.1.0.tgz",
      "integrity": "sha1-4b2Cxqq2ztlluXuIsX7T5SjKGMM="
    },
    "express-session": {
      "version": "1.15.3",
      "resolved": "https://registry.npmjs.org/express-session/-/express-session-1.15.3.tgz",
      "integrity": "sha1-21RfBDWnsbIorgLagZf2UUFzXGc="
    },
    "ms": {
      "version": "2.0.0",
      "resolved": "https://registry.npmjs.org/ms/-/ms-2.0.0.tgz",
      "integrity": "sha1-VgiurfwAvmwpAd9fmGF4jeDVl8g="
    },
    "on-headers": {
      "version": "1.0.1",
      "resolved": "https://registry.npmjs.org/on-headers/-/on-headers-1.0.1.tgz",
      "integrity": "sha1-ko9dD0cNSTQmUepnlLCFfBAGk/c="
    },
    "parseurl": {
      "version": "1.3.1",
      "resolved": "https://registry.npmjs.org/parseurl/-/parseurl-1.3.1.tgz",
      "integrity": "sha1-yKuMkiO6NIiKpkopeyiFO+wY2lY="
    },
    "random-bytes": {
      "version": "1.0.0",
      "resolved": "https://registry.npmjs.org/random-bytes/-/random-bytes-1.0.0.tgz",
      "integrity": "sha1-T2ih3Arli9P7lYSMMDJNt11kNgs="
    },
    "uid-safe": {
      "version": "2.1.4",
      "resolved": "https://registry.npmjs.org/uid-safe/-/uid-safe-2.1.4.tgz",
      "integrity": "sha1-Otbzg2jG1MjHXsF2I/t5qh0HHYE="
    },
    "utils-merge": {
      "version": "1.0.0",
      "resolved": "https://registry.npmjs.org/utils-merge/-/utils-merge-1.0.0.tgz",
      "integrity": "sha1-ApT7kiu5N1FTVBxPcJYjHyh8ivg="
    }
  }
}
